{
  "name": "pks11",
  "version": "1.0.0",
  "lockfileVersion": 2,
  "requires": true,
  "packages": {
    "": {
      "name": "pks11",
      "version": "1.0.0",
      "license": "ISC",
      "dependencies": {
        "big-integer": "^1.6.51",
        "pkcs11js": "^1.3.0"
      }
    },
    "node_modules/big-integer": {
      "version": "1.6.51",
      "resolved": "https://registry.npmjs.org/big-integer/-/big-integer-1.6.51.tgz",
      "integrity": "sha512-GPEid2Y9QU1Exl1rpO9B2IPJGHPSupF5GnVIP0blYvNOMer2bTvSWs1jGOUg04hTmu67nmLsQ9TBo1puaotBHg==",
      "engines": {
        "node": ">=0.6"
      }
    },
    "node_modules/nan": {
      "version": "2.16.0",
      "resolved": "https://registry.npmjs.org/nan/-/nan-2.16.0.tgz",
      "integrity": "sha512-UdAqHyFngu7TfQKsCBgAA6pWDkT8MAO7d0jyOecVhN5354xbLqdn8mV9Tat9gepAupm0bt2DbeaSC8vS52MuFA=="
    },
    "node_modules/pkcs11js": {
      "version": "1.3.0",
      "resolved": "https://registry.npmjs.org/pkcs11js/-/pkcs11js-1.3.0.tgz",
      "integrity": "sha512-owI+M6Gpw0cEU47cTt2eWQs4Iqm9zRyobiJ0q37wIgOrK8BcXVuRM3eVGH58QxYWhItMcRiEBUTE8HUHZX+beQ==",
      "hasInstallScript": true,
      "dependencies": {
        "nan": "^2.15.0"
      },
      "funding": {
        "type": "github",
        "url": "https://github.com/sponsors/PeculiarVentures"
      }
    }
  },
  "dependencies": {
    "big-integer": {
      "version": "1.6.51",
      "resolved": "https://registry.npmjs.org/big-integer/-/big-integer-1.6.51.tgz",
      "integrity": "sha512-GPEid2Y9QU1Exl1rpO9B2IPJGHPSupF5GnVIP0blYvNOMer2bTvSWs1jGOUg04hTmu67nmLsQ9TBo1puaotBHg=="
    },
    "nan": {
      "version": "2.16.0",
      "resolved": "https://registry.npmjs.org/nan/-/nan-2.16.0.tgz",
      "integrity": "sha512-UdAqHyFngu7TfQKsCBgAA6pWDkT8MAO7d0jyOecVhN5354xbLqdn8mV9Tat9gepAupm0bt2DbeaSC8vS52MuFA=="
    },
    "pkcs11js": {
      "version": "1.3.0",
      "resolved": "https://registry.npmjs.org/pkcs11js/-/pkcs11js-1.3.0.tgz",
      "integrity": "sha512-owI+M6Gpw0cEU47cTt2eWQs4Iqm9zRyobiJ0q37wIgOrK8BcXVuRM3eVGH58QxYWhItMcRiEBUTE8HUHZX+beQ==",
      "requires": {
        "nan": "^2.15.0"
      }
    }
  }
}
